
Microsoft Visual Studio Solution File, Format Version 11.00
# Visual Studio Version 17

Project("{8BC9CEB8-8B4A-11D0-8D11-00A0C91BC942}") = "ReverbTouch - Standalone Plugin", "ReverbTouch_StandalonePlugin.vcxproj", "{214B361D-92AA-BDAB-ADE0-E806E84986A2}"
	ProjectSection(ProjectDependencies) = postProject
		{92A867B4-C785-C9A7-EC3A-AFBF077E9779} = {92A867B4-C785-C9A7-EC3A-AFBF077E9779}
	EndProjectSection
EndProject
Project("{8BC9CEB8-8B4A-11D0-8D11-00A0C91BC942}") = "ReverbTouch - VST3", "ReverbTouch_VST3.vcxproj", "{53D9700F-AFC1-B65F-DFB5-44547AA2FDA6}"
	ProjectSection(ProjectDependencies) = postProject
		{92A867B4-C785-C9A7-EC3A-AFBF077E9779} = {92A867B4-C785-C9A7-EC3A-AFBF077E9779}
		{1E092B7D-4B27-4442-AA9F-48476AC1428A} = {1E092B7D-4B27-4442-AA9F-48476AC1428A}
	EndProjectSection
EndProject
Project("{8BC9CEB8-8B4A-11D0-8D11-00A0C91BC942}") = "ReverbTouch - Shared Code", "ReverbTouch_SharedCode.vcxproj", "{92A867B4-C785-C9A7-EC3A-AFBF077E9779}"
EndProject
Project("{8BC9CEB8-8B4A-11D0-8D11-00A0C91BC942}") = "ReverbTouch - VST3 Manifest Helper", "ReverbTouch_VST3ManifestHelper.vcxproj", "{1E092B7D-4B27-4442-AA9F-48476AC1428A}"
EndProject
Global
	GlobalSection(SolutionConfigurationPlatforms) = preSolution
		Debug|x64 = Debug|x64
		Release|x64 = Release|x64
	EndGlobalSection
	GlobalSection(ProjectConfigurationPlatforms) = postSolution
		{53D9700F-AFC1-B65F-DFB5-44547AA2FDA6}.Debug|x64.ActiveCfg = Debug|x64
		{53D9700F-AFC1-B65F-DFB5-44547AA2FDA6}.Debug|x64.Build.0 = Debug|x64
		{53D9700F-AFC1-B65F-DFB5-44547AA2FDA6}.Release|x64.ActiveCfg = Release|x64
		{53D9700F-AFC1-B65F-DFB5-44547AA2FDA6}.Release|x64.Build.0 = Release|x64
		{214B361D-92AA-BDAB-ADE0-E806E84986A2}.Debug|x64.ActiveCfg = Debug|x64
		{214B361D-92AA-BDAB-ADE0-E806E84986A2}.Debug|x64.Build.0 = Debug|x64
		{214B361D-92AA-BDAB-ADE0-E806E84986A2}.Release|x64.ActiveCfg = Release|x64
		{214B361D-92AA-BDAB-ADE0-E806E84986A2}.Release|x64.Build.0 = Release|x64
		{92A867B4-C785-C9A7-EC3A-AFBF077E9779}.Debug|x64.ActiveCfg = Debug|x64
		{92A867B4-C785-C9A7-EC3A-AFBF077E9779}.Debug|x64.Build.0 = Debug|x64
		{92A867B4-C785-C9A7-EC3A-AFBF077E9779}.Release|x64.ActiveCfg = Release|x64
		{92A867B4-C785-C9A7-EC3A-AFBF077E9779}.Release|x64.Build.0 = Release|x64
		{1E092B7D-4B27-4442-AA9F-48476AC1428A}.Debug|x64.ActiveCfg = Debug|x64
		{1E092B7D-4B27-4442-AA9F-48476AC1428A}.Debug|x64.Build.0 = Debug|x64
		{1E092B7D-4B27-4442-AA9F-48476AC1428A}.Release|x64.ActiveCfg = Release|x64
		{1E092B7D-4B27-4442-AA9F-48476AC1428A}.Release|x64.Build.0 = Release|x64
	EndGlobalSection
	GlobalSection(SolutionProperties) = preSolution
		HideSolutionNode = FALSE
	EndGlobalSection
EndGlobal
